# Generated by pub
# See http://pub.dartlang.org/doc/glossary.html#lockfile
packages:
  attributable:
    description:
      path: "../attributable"
      relative: true
    source: path
    version: "0.1.0"
  heritage_tree:
    description:
      path: "../heritage_tree"
      relative: true
    source: path
    version: "0.1.0"
  logmaster:
    description:
      path: "../logmaster"
      relative: true
    source: path
    version: "0.1.0"
  nest_ui:
    description:
      path: "../nest_ui"
      relative: true
    source: path
    version: "0.1.0"
  observable_roles:
    description:
      path: "../observable_roles"
      relative: true
    source: path
    version: "0.1.0"
sdk: any
